// !$*UTF8*$!
{
	archiveVersion = 1;
	classes = {
	};
	objectVersion = 46;
	objects = {

/* Begin PBXBuildFile section */
		23BD4AE16D751F9F729BD3AD /* CodexMeterWidget.appex in Embed App Extensions */ = {isa = PBXBuildFile; fileRef = 45A472E7B0DE23C67D32801A /* CodexMeterWidget.appex */; settings = {ATTRIBUTES = (CodeSignOnCopy, RemoveHeadersOnCopy, ); }; };
		2C6F7E8CC10808FB874B8ED6 /* AnalyticsDashboardView.swift in Sources */ = {isa = PBXBuildFile; fileRef = B42568D260B341508CECE7B0 /* AnalyticsDashboardView.swift */; };
		2CF1C4F4870133E0C9D6AF64 /* Assets.xcassets in Resources */ = {isa = PBXBuildFile; fileRef = E4E88476D30D321E3DA24949 /* Assets.xcassets */; };
		399A48AF8F1D4AAF41C771F5 /* RateLimitView.swift in Sources */ = {isa = PBXBuildFile; fileRef = 3B99BCAC7DC6D9BB88E103C2 /* RateLimitView.swift */; };
		423C91C262C13815BF0EF352 /* CodexMeterWidget.swift in Sources */ = {isa = PBXBuildFile; fileRef = F5502AFAD3D46015652B3A72 /* CodexMeterWidget.swift */; };
		42966E6B80CBA1B498628506 /* RateHistory.swift in Sources */ = {isa = PBXBuildFile; fileRef = 93BA0076637EC7B659714821 /* RateHistory.swift */; };
		4BD771174E9AACC6FED742DE /* UsagePopoverView.swift in Sources */ = {isa = PBXBuildFile; fileRef = 9CBBC914DE7790E1B20EA9BD /* UsagePopoverView.swift */; };
		6D148E9D4610037D17E881CC /* Cocoa.framework in Frameworks */ = {isa = PBXBuildFile; fileRef = 8152253F47D403D3006FB366 /* Cocoa.framework */; };
		7E103C8AD7F6D725CC2126F3 /* UsageStore.swift in Sources */ = {isa = PBXBuildFile; fileRef = 48B1215EC97718CEA5DC9A84 /* UsageStore.swift */; };
		871318FE76AF89F3436D789D /* DesktopWidgetView.swift in Sources */ = {isa = PBXBuildFile; fileRef = 3193909FF12D3F2DDB78F23C /* DesktopWidgetView.swift */; };
		8AC493A722EAD7EF4465BF6F /* CodexFolderAccess.swift in Sources */ = {isa = PBXBuildFile; fileRef = A0D8978CBF824637C3C06B17 /* CodexFolderAccess.swift */; };
		A65D063F33FF2898948B7C30 /* CodexUsageReader.swift in Sources */ = {isa = PBXBuildFile; fileRef = E24E007E87A89527F720FC96 /* CodexUsageReader.swift */; };
		B1668A9A33423B0FC598D002 /* Formatters.swift in Sources */ = {isa = PBXBuildFile; fileRef = 9C96D0D5CC1DC3BBEFF951E7 /* Formatters.swift */; };
		D95B753ADDECE4FA52DBB96D /* CodexMeterApp.swift in Sources */ = {isa = PBXBuildFile; fileRef = 314EF274AB68F72C031BE98A /* CodexMeterApp.swift */; };
		E56180BE072CA1F0E41CCA4E /* DesktopWidgetController.swift in Sources */ = {isa = PBXBuildFile; fileRef = 28C6ECD4271C95DA92FB79F5 /* DesktopWidgetController.swift */; };
		E670A239165EAE6CD8549AA4 /* WidgetUsageCache.swift in Sources */ = {isa = PBXBuildFile; fileRef = 08E1AFB6069E08C229D32586 /* WidgetUsageCache.swift */; };
		E80A1880CFBAAE6E421E37D0 /* Cocoa.framework in Frameworks */ = {isa = PBXBuildFile; fileRef = 8152253F47D403D3006FB366 /* Cocoa.framework */; };
		F2DC487675833910C298B7F3 /* WidgetUsageCache.swift in Sources */ = {isa = PBXBuildFile; fileRef = 08E1AFB6069E08C229D32586 /* WidgetUsageCache.swift */; };
		F6655F064A7A386BEF28BC22 /* UsageSnapshot.swift in Sources */ = {isa = PBXBuildFile; fileRef = DA2078797829958C431BB26D /* UsageSnapshot.swift */; };
		F8A9DFB1AF2A321A8E4BB6B6 /* UsageNotifier.swift in Sources */ = {isa = PBXBuildFile; fileRef = F78DEE0CDBAE271A86B55C7D /* UsageNotifier.swift */; };
/* End PBXBuildFile section */

/* Begin PBXCopyFilesBuildPhase section */
		565F6D7A8B496635D7F35698 /* Embed App Extensions */ = {
			isa = PBXCopyFilesBuildPhase;
			buildActionMask = 2147483647;
			dstPath = "";
			dstSubfolderSpec = 13;
			files = (
				23BD4AE16D751F9F729BD3AD /* CodexMeterWidget.appex in Embed App Extensions */,
			);
			name = "Embed App Extensions";
			runOnlyForDeploymentPostprocessing = 0;
		};
/* End PBXCopyFilesBuildPhase section */

/* Begin PBXFileReference section */
		08E1AFB6069E08C229D32586 /* WidgetUsageCache.swift */ = {isa = PBXFileReference; includeInIndex = 1; lastKnownFileType = sourcecode.swift; name = WidgetUsageCache.swift; path = Support/WidgetUsageCache.swift; sourceTree = "<group>"; };
		0A5B2A4ECFBDF2AB88E2EE12 /* CodexMeter.entitlements */ = {isa = PBXFileReference; includeInIndex = 0; lastKnownFileType = text.plist.entitlements; path = CodexMeter.entitlements; sourceTree = "<group>"; };
		171607A5A876318E5DD70A7B /* Info.plist */ = {isa = PBXFileReference; includeInIndex = 0; lastKnownFileType = text.plist.xml; path = Info.plist; sourceTree = "<group>"; };
		28C6ECD4271C95DA92FB79F5 /* DesktopWidgetController.swift */ = {isa = PBXFileReference; includeInIndex = 1; lastKnownFileType = sourcecode.swift; name = DesktopWidgetController.swift; path = Services/DesktopWidgetController.swift; sourceTree = "<group>"; };
		314EF274AB68F72C031BE98A /* CodexMeterApp.swift */ = {isa = PBXFileReference; includeInIndex = 1; lastKnownFileType = sourcecode.swift; name = CodexMeterApp.swift; path = App/CodexMeterApp.swift; sourceTree = "<group>"; };
		3193909FF12D3F2DDB78F23C /* DesktopWidgetView.swift */ = {isa = PBXFileReference; includeInIndex = 1; lastKnownFileType = sourcecode.swift; name = DesktopWidgetView.swift; path = Views/DesktopWidgetView.swift; sourceTree = "<group>"; };
		3B99BCAC7DC6D9BB88E103C2 /* RateLimitView.swift */ = {isa = PBXFileReference; includeInIndex = 1; lastKnownFileType = sourcecode.swift; name = RateLimitView.swift; path = Views/RateLimitView.swift; sourceTree = "<group>"; };
		45A472E7B0DE23C67D32801A /* CodexMeterWidget.appex */ = {isa = PBXFileReference; explicitFileType = "wrapper.app-extension"; includeInIndex = 0; path = CodexMeterWidget.appex; sourceTree = BUILT_PRODUCTS_DIR; };
		48B1215EC97718CEA5DC9A84 /* UsageStore.swift */ = {isa = PBXFileReference; includeInIndex = 1; lastKnownFileType = sourcecode.swift; name = UsageStore.swift; path = Stores/UsageStore.swift; sourceTree = "<group>"; };
		66D987C7BDADD950D9F78137 /* CodexMeter.app */ = {isa = PBXFileReference; explicitFileType = wrapper.application; includeInIndex = 0; path = CodexMeter.app; sourceTree = BUILT_PRODUCTS_DIR; };
		67F595016B1B24297E87CCBE /* WidgetInfo.plist */ = {isa = PBXFileReference; includeInIndex = 0; lastKnownFileType = text.plist.xml; path = WidgetInfo.plist; sourceTree = "<group>"; };
		8152253F47D403D3006FB366 /* Cocoa.framework */ = {isa = PBXFileReference; lastKnownFileType = wrapper.framework; name = Cocoa.framework; path = Platforms/MacOSX.platform/Developer/SDKs/MacOSX26.0.sdk/System/Library/Frameworks/Cocoa.framework; sourceTree = DEVELOPER_DIR; };
		93BA0076637EC7B659714821 /* RateHistory.swift */ = {isa = PBXFileReference; includeInIndex = 1; lastKnownFileType = sourcecode.swift; name = RateHistory.swift; path = Support/RateHistory.swift; sourceTree = "<group>"; };
		9C96D0D5CC1DC3BBEFF951E7 /* Formatters.swift */ = {isa = PBXFileReference; includeInIndex = 1; lastKnownFileType = sourcecode.swift; name = Formatters.swift; path = Support/Formatters.swift; sourceTree = "<group>"; };
		9CBBC914DE7790E1B20EA9BD /* UsagePopoverView.swift */ = {isa = PBXFileReference; includeInIndex = 1; lastKnownFileType = sourcecode.swift; name = UsagePopoverView.swift; path = Views/UsagePopoverView.swift; sourceTree = "<group>"; };
		A0D8978CBF824637C3C06B17 /* CodexFolderAccess.swift */ = {isa = PBXFileReference; includeInIndex = 1; lastKnownFileType = sourcecode.swift; name = CodexFolderAccess.swift; path = Services/CodexFolderAccess.swift; sourceTree = "<group>"; };
		B3F1330DFD113E995378C774 /* CodexMeterWidget.entitlements */ = {isa = PBXFileReference; includeInIndex = 0; lastKnownFileType = text.plist.entitlements; path = CodexMeterWidget.entitlements; sourceTree = "<group>"; };
		B42568D260B341508CECE7B0 /* AnalyticsDashboardView.swift */ = {isa = PBXFileReference; includeInIndex = 1; lastKnownFileType = sourcecode.swift; name = AnalyticsDashboardView.swift; path = Views/AnalyticsDashboardView.swift; sourceTree = "<group>"; };
		DA2078797829958C431BB26D /* UsageSnapshot.swift */ = {isa = PBXFileReference; includeInIndex = 1; lastKnownFileType = sourcecode.swift; name = UsageSnapshot.swift; path = Models/UsageSnapshot.swift; sourceTree = "<group>"; };
		E24E007E87A89527F720FC96 /* CodexUsageReader.swift */ = {isa = PBXFileReference; includeInIndex = 1; lastKnownFileType = sourcecode.swift; name = CodexUsageReader.swift; path = Services/CodexUsageReader.swift; sourceTree = "<group>"; };
		E4E88476D30D321E3DA24949 /* Assets.xcassets */ = {isa = PBXFileReference; includeInIndex = 1; lastKnownFileType = folder.assetcatalog; path = Assets.xcassets; sourceTree = "<group>"; };
		F5502AFAD3D46015652B3A72 /* CodexMeterWidget.swift */ = {isa = PBXFileReference; includeInIndex = 1; lastKnownFileType = sourcecode.swift; path = CodexMeterWidget.swift; sourceTree = "<group>"; };
		F78DEE0CDBAE271A86B55C7D /* UsageNotifier.swift */ = {isa = PBXFileReference; includeInIndex = 1; lastKnownFileType = sourcecode.swift; name = UsageNotifier.swift; path = Support/UsageNotifier.swift; sourceTree = "<group>"; };
/* End PBXFileReference section */

/* Begin PBXFrameworksBuildPhase section */
		19067BDC1549E92D3BF43307 /* Frameworks */ = {
			isa = PBXFrameworksBuildPhase;
			buildActionMask = 2147483647;
			files = (
				6D148E9D4610037D17E881CC /* Cocoa.framework in Frameworks */,
			);
			runOnlyForDeploymentPostprocessing = 0;
		};
		42CB18C4E83D0F14D93E3E2E /* Frameworks */ = {
			isa = PBXFrameworksBuildPhase;
			buildActionMask = 2147483647;
			files = (
				E80A1880CFBAAE6E421E37D0 /* Cocoa.framework in Frameworks */,
			);
			runOnlyForDeploymentPostprocessing = 0;
		};
/* End PBXFrameworksBuildPhase section */

/* Begin PBXGroup section */
		182C4EEF5A010793336D0212 /* Resources */ = {
			isa = PBXGroup;
			children = (
				171607A5A876318E5DD70A7B /* Info.plist */,
				67F595016B1B24297E87CCBE /* WidgetInfo.plist */,
				0A5B2A4ECFBDF2AB88E2EE12 /* CodexMeter.entitlements */,
				B3F1330DFD113E995378C774 /* CodexMeterWidget.entitlements */,
				E4E88476D30D321E3DA24949 /* Assets.xcassets */,
			);
			name = Resources;
			path = Resources;
			sourceTree = "<group>";
		};
		2305C925DDB71A656773B0FC /* Products */ = {
			isa = PBXGroup;
			children = (
				66D987C7BDADD950D9F78137 /* CodexMeter.app */,
				45A472E7B0DE23C67D32801A /* CodexMeterWidget.appex */,
			);
			name = Products;
			sourceTree = "<group>";
		};
		2549A460C75530648EEB1A78 = {
			isa = PBXGroup;
			children = (
				2305C925DDB71A656773B0FC /* Products */,
				48D8FF83CB7457A1DB7CEB0E /* Frameworks */,
				7CCDA12ECC779C4BE2DEAD5D /* Sources */,
				182C4EEF5A010793336D0212 /* Resources */,
			);
			sourceTree = "<group>";
		};
		48D8FF83CB7457A1DB7CEB0E /* Frameworks */ = {
			isa = PBXGroup;
			children = (
				C2A52B0FF8EC2F2FB182E40F /* OS X */,
			);
			name = Frameworks;
			sourceTree = "<group>";
		};
		7CCDA12ECC779C4BE2DEAD5D /* Sources */ = {
			isa = PBXGroup;
			children = (
				A40AC7075369F5EFA2F5D9AD /* CodexMeter */,
				A433E7AE4CAC19F7A50ED372 /* CodexMeterWidget */,
			);
			name = Sources;
			path = Sources;
			sourceTree = "<group>";
		};
		A40AC7075369F5EFA2F5D9AD /* CodexMeter */ = {
			isa = PBXGroup;
			children = (
				314EF274AB68F72C031BE98A /* CodexMeterApp.swift */,
				DA2078797829958C431BB26D /* UsageSnapshot.swift */,
				A0D8978CBF824637C3C06B17 /* CodexFolderAccess.swift */,
				E24E007E87A89527F720FC96 /* CodexUsageReader.swift */,
				28C6ECD4271C95DA92FB79F5 /* DesktopWidgetController.swift */,
				48B1215EC97718CEA5DC9A84 /* UsageStore.swift */,
				9C96D0D5CC1DC3BBEFF951E7 /* Formatters.swift */,
				93BA0076637EC7B659714821 /* RateHistory.swift */,
				F78DEE0CDBAE271A86B55C7D /* UsageNotifier.swift */,
				08E1AFB6069E08C229D32586 /* WidgetUsageCache.swift */,
				B42568D260B341508CECE7B0 /* AnalyticsDashboardView.swift */,
				3193909FF12D3F2DDB78F23C /* DesktopWidgetView.swift */,
				3B99BCAC7DC6D9BB88E103C2 /* RateLimitView.swift */,
				9CBBC914DE7790E1B20EA9BD /* UsagePopoverView.swift */,
			);
			name = CodexMeter;
			path = CodexMeter;
			sourceTree = "<group>";
		};
		A433E7AE4CAC19F7A50ED372 /* CodexMeterWidget */ = {
			isa = PBXGroup;
			children = (
				F5502AFAD3D46015652B3A72 /* CodexMeterWidget.swift */,
			);
			name = CodexMeterWidget;
			path = CodexMeterWidget;
			sourceTree = "<group>";
		};
		C2A52B0FF8EC2F2FB182E40F /* OS X */ = {
			isa = PBXGroup;
			children = (
				8152253F47D403D3006FB366 /* Cocoa.framework */,
			);
			name = "OS X";
			sourceTree = "<group>";
		};
/* End PBXGroup section */

/* Begin PBXNativeTarget section */
		771DEE07273EE18A9BFC17AE /* CodexMeter */ = {
			isa = PBXNativeTarget;
			buildConfigurationList = E47A9F6D08C8DCF13D07111E /* Build configuration list for PBXNativeTarget "CodexMeter" */;
			buildPhases = (
				EBECB4945D3F4012500CA107 /* Sources */,
				19067BDC1549E92D3BF43307 /* Frameworks */,
				81D9CA1BDFF95CD2D9898F7E /* Resources */,
				565F6D7A8B496635D7F35698 /* Embed App Extensions */,
			);
			buildRules = (
			);
			dependencies = (
			);
			name = CodexMeter;
			productName = CodexMeter;
			productReference = 66D987C7BDADD950D9F78137 /* CodexMeter.app */;
			productType = "com.apple.product-type.application";
		};
		A655BEE2CF3B76A205AFD4F6 /* CodexMeterWidget */ = {
			isa = PBXNativeTarget;
			buildConfigurationList = 6140F0BEE27162F4F2A17AA5 /* Build configuration list for PBXNativeTarget "CodexMeterWidget" */;
			buildPhases = (
				AE6B73CA9D7D013A6CC07818 /* Sources */,
				42CB18C4E83D0F14D93E3E2E /* Frameworks */,
				E0BABCA634D3C13D65E09871 /* Resources */,
			);
			buildRules = (
			);
			dependencies = (
			);
			name = CodexMeterWidget;
			productName = CodexMeterWidget;
			productReference = 45A472E7B0DE23C67D32801A /* CodexMeterWidget.appex */;
			productType = "com.apple.product-type.app-extension";
		};
/* End PBXNativeTarget section */

/* Begin PBXProject section */
		08E2356E5A66C5E2A3F1F7C0 /* Project object */ = {
			isa = PBXProject;
			attributes = {
				LastSwiftUpdateCheck = 1600;
				LastUpgradeCheck = 1600;
			};
			buildConfigurationList = A3B3EE2AFF6CA4BF15E5568D /* Build configuration list for PBXProject "CodexMeter" */;
			compatibilityVersion = "Xcode 3.2";
			developmentRegion = en;
			hasScannedForEncodings = 0;
			knownRegions = (
				en,
				Base,
			);
			mainGroup = 2549A460C75530648EEB1A78;
			minimizedProjectReferenceProxies = 0;
			preferredProjectObjectVersion = 100;
			productRefGroup = 2305C925DDB71A656773B0FC /* Products */;
			projectDirPath = "";
			projectRoot = "";
			targets = (
				771DEE07273EE18A9BFC17AE /* CodexMeter */,
				A655BEE2CF3B76A205AFD4F6 /* CodexMeterWidget */,
			);
		};
/* End PBXProject section */

/* Begin PBXResourcesBuildPhase section */
		81D9CA1BDFF95CD2D9898F7E /* Resources */ = {
			isa = PBXResourcesBuildPhase;
			buildActionMask = 2147483647;
			files = (
				2CF1C4F4870133E0C9D6AF64 /* Assets.xcassets in Resources */,
			);
			runOnlyForDeploymentPostprocessing = 0;
		};
		E0BABCA634D3C13D65E09871 /* Resources */ = {
			isa = PBXResourcesBuildPhase;
			buildActionMask = 2147483647;
			files = (
			);
			runOnlyForDeploymentPostprocessing = 0;
		};
/* End PBXResourcesBuildPhase section */

/* Begin PBXSourcesBuildPhase section */
		AE6B73CA9D7D013A6CC07818 /* Sources */ = {
			isa = PBXSourcesBuildPhase;
			buildActionMask = 2147483647;
			files = (
				423C91C262C13815BF0EF352 /* CodexMeterWidget.swift in Sources */,
				E670A239165EAE6CD8549AA4 /* WidgetUsageCache.swift in Sources */,
			);
			runOnlyForDeploymentPostprocessing = 0;
		};
		EBECB4945D3F4012500CA107 /* Sources */ = {
			isa = PBXSourcesBuildPhase;
			buildActionMask = 2147483647;
			files = (
				D95B753ADDECE4FA52DBB96D /* CodexMeterApp.swift in Sources */,
				F6655F064A7A386BEF28BC22 /* UsageSnapshot.swift in Sources */,
				8AC493A722EAD7EF4465BF6F /* CodexFolderAccess.swift in Sources */,
				A65D063F33FF2898948B7C30 /* CodexUsageReader.swift in Sources */,
				E56180BE072CA1F0E41CCA4E /* DesktopWidgetController.swift in Sources */,
				7E103C8AD7F6D725CC2126F3 /* UsageStore.swift in Sources */,
				B1668A9A33423B0FC598D002 /* Formatters.swift in Sources */,
				42966E6B80CBA1B498628506 /* RateHistory.swift in Sources */,
				F8A9DFB1AF2A321A8E4BB6B6 /* UsageNotifier.swift in Sources */,
				F2DC487675833910C298B7F3 /* WidgetUsageCache.swift in Sources */,
				2C6F7E8CC10808FB874B8ED6 /* AnalyticsDashboardView.swift in Sources */,
				871318FE76AF89F3436D789D /* DesktopWidgetView.swift in Sources */,
				399A48AF8F1D4AAF41C771F5 /* RateLimitView.swift in Sources */,
				4BD771174E9AACC6FED742DE /* UsagePopoverView.swift in Sources */,
			);
			runOnlyForDeploymentPostprocessing = 0;
		};
/* End PBXSourcesBuildPhase section */

/* Begin XCBuildConfiguration section */
		4BDC4EEB5793A8D196C4B9A7 /* Debug */ = {
			isa = XCBuildConfiguration;
			buildSettings = {
				ASSETCATALOG_COMPILER_APPICON_NAME = AppIcon;
				ASSETCATALOG_COMPILER_GLOBAL_ACCENT_COLOR_NAME = AccentColor;
				CODE_SIGNING_ALLOWED = YES;
				CODE_SIGN_ENTITLEMENTS = Resources/CodexMeter.entitlements;
				CODE_SIGN_STYLE = Automatic;
				COMBINE_HIDPI_IMAGES = YES;
				INFOPLIST_FILE = Resources/Info.plist;
				LD_RUNPATH_SEARCH_PATHS = "$(inherited) @executable_path/../Frameworks";
				MACOSX_DEPLOYMENT_TARGET = 14.0;
				PRODUCT_BUNDLE_IDENTIFIER = com.codexmeter.CodexMeter;
				SDKROOT = macosx;
				SWIFT_VERSION = 6.0;
			};
			name = Debug;
		};
		4EAF38CF140CA306F0D90A4C /* Release */ = {
			isa = XCBuildConfiguration;
			buildSettings = {
				CODE_SIGN_ENTITLEMENTS = Resources/CodexMeterWidget.entitlements;
				CODE_SIGN_STYLE = Automatic;
				INFOPLIST_FILE = Resources/WidgetInfo.plist;
				MACOSX_DEPLOYMENT_TARGET = 14.0;
				PRODUCT_BUNDLE_IDENTIFIER = com.codexmeter.CodexMeter.WidgetV4;
				SDKROOT = macosx;
				SKIP_INSTALL = YES;
				SWIFT_VERSION = 6.0;
			};
			name = Release;
		};
		64FF9068773711206D2C24C6 /* Debug */ = {
			isa = XCBuildConfiguration;
			buildSettings = {
				ALWAYS_SEARCH_USER_PATHS = NO;
				CLANG_ANALYZER_NONNULL = YES;
				CLANG_ANALYZER_NUMBER_OBJECT_CONVERSION = YES_AGGRESSIVE;
				CLANG_CXX_LANGUAGE_STANDARD = "gnu++14";
				CLANG_CXX_LIBRARY = "libc++";
				CLANG_ENABLE_MODULES = YES;
				CLANG_ENABLE_OBJC_ARC = YES;
				CLANG_ENABLE_OBJC_WEAK = YES;
				CLANG_WARN_BLOCK_CAPTURE_AUTORELEASING = YES;
				CLANG_WARN_BOOL_CONVERSION = YES;
				CLANG_WARN_COMMA = YES;
				CLANG_WARN_CONSTANT_CONVERSION = YES;
				CLANG_WARN_DEPRECATED_OBJC_IMPLEMENTATIONS = YES;
				CLANG_WARN_DIRECT_OBJC_ISA_USAGE = YES_ERROR;
				CLANG_WARN_DOCUMENTATION_COMMENTS = YES;
				CLANG_WARN_EMPTY_BODY = YES;
				CLANG_WARN_ENUM_CONVERSION = YES;
				CLANG_WARN_INFINITE_RECURSION = YES;
				CLANG_WARN_INT_CONVERSION = YES;
				CLANG_WARN_NON_LITERAL_NULL_CONVERSION = YES;
				CLANG_WARN_OBJC_IMPLICIT_RETAIN_SELF = YES;
				CLANG_WARN_OBJC_LITERAL_CONVERSION = YES;
				CLANG_WARN_OBJC_ROOT_CLASS = YES_ERROR;
				CLANG_WARN_QUOTED_INCLUDE_IN_FRAMEWORK_HEADER = YES;
				CLANG_WARN_RANGE_LOOP_ANALYSIS = YES;
				CLANG_WARN_STRICT_PROTOTYPES = YES;
				CLANG_WARN_SUSPICIOUS_MOVE = YES;
				CLANG_WARN_UNGUARDED_AVAILABILITY = YES_AGGRESSIVE;
				CLANG_WARN_UNREACHABLE_CODE = YES;
				CLANG_WARN__DUPLICATE_METHOD_MATCH = YES;
				COPY_PHASE_STRIP = NO;
				DEBUG_INFORMATION_FORMAT = dwarf;
				ENABLE_STRICT_OBJC_MSGSEND = YES;
				ENABLE_TESTABILITY = YES;
				GCC_C_LANGUAGE_STANDARD = gnu11;
				GCC_DYNAMIC_NO_PIC = NO;
				GCC_NO_COMMON_BLOCKS = YES;
				GCC_OPTIMIZATION_LEVEL = 0;
				GCC_PREPROCESSOR_DEFINITIONS = (
					"DEBUG=1",
					"$(inherited)",
				);
				GCC_WARN_64_TO_32_BIT_CONVERSION = YES;
				GCC_WARN_ABOUT_RETURN_TYPE = YES_ERROR;
				GCC_WARN_UNDECLARED_SELECTOR = YES;
				GCC_WARN_UNINITIALIZED_AUTOS = YES_AGGRESSIVE;
				GCC_WARN_UNUSED_FUNCTION = YES;
				GCC_WARN_UNUSED_VARIABLE = YES;
				MACOSX_DEPLOYMENT_TARGET = 14.0;
				MTL_ENABLE_DEBUG_INFO = INCLUDE_SOURCE;
				MTL_FAST_MATH = YES;
				ONLY_ACTIVE_ARCH = YES;
				PRODUCT_NAME = "$(TARGET_NAME)";
				SWIFT_ACTIVE_COMPILATION_CONDITIONS = DEBUG;
				SWIFT_OPTIMIZATION_LEVEL = "-Onone";
				SWIFT_VERSION = 5.0;
			};
			name = Debug;
		};
		E45D7C2ABC5984817E5D0B40 /* Release */ = {
			isa = XCBuildConfiguration;
			buildSettings = {
				ASSETCATALOG_COMPILER_APPICON_NAME = AppIcon;
				ASSETCATALOG_COMPILER_GLOBAL_ACCENT_COLOR_NAME = AccentColor;
				CODE_SIGNING_ALLOWED = YES;
				CODE_SIGN_ENTITLEMENTS = Resources/CodexMeter.entitlements;
				CODE_SIGN_STYLE = Automatic;
				COMBINE_HIDPI_IMAGES = YES;
				INFOPLIST_FILE = Resources/Info.plist;
				LD_RUNPATH_SEARCH_PATHS = "$(inherited) @executable_path/../Frameworks";
				MACOSX_DEPLOYMENT_TARGET = 14.0;
				PRODUCT_BUNDLE_IDENTIFIER = com.codexmeter.CodexMeter;
				SDKROOT = macosx;
				SWIFT_VERSION = 6.0;
			};
			name = Release;
		};
		EE133A1B7CEE31CB94D1E913 /* Release */ = {
			isa = XCBuildConfiguration;
			buildSettings = {
				ALWAYS_SEARCH_USER_PATHS = NO;
				CLANG_ANALYZER_NONNULL = YES;
				CLANG_ANALYZER_NUMBER_OBJECT_CONVERSION = YES_AGGRESSIVE;
				CLANG_CXX_LANGUAGE_STANDARD = "gnu++14";
				CLANG_CXX_LIBRARY = "libc++";
				CLANG_ENABLE_MODULES = YES;
				CLANG_ENABLE_OBJC_ARC = YES;
				CLANG_ENABLE_OBJC_WEAK = YES;
				CLANG_WARN_BLOCK_CAPTURE_AUTORELEASING = YES;
				CLANG_WARN_BOOL_CONVERSION = YES;
				CLANG_WARN_COMMA = YES;
				CLANG_WARN_CONSTANT_CONVERSION = YES;
				CLANG_WARN_DEPRECATED_OBJC_IMPLEMENTATIONS = YES;
				CLANG_WARN_DIRECT_OBJC_ISA_USAGE = YES_ERROR;
				CLANG_WARN_DOCUMENTATION_COMMENTS = YES;
				CLANG_WARN_EMPTY_BODY = YES;
				CLANG_WARN_ENUM_CONVERSION = YES;
				CLANG_WARN_INFINITE_RECURSION = YES;
				CLANG_WARN_INT_CONVERSION = YES;
				CLANG_WARN_NON_LITERAL_NULL_CONVERSION = YES;
				CLANG_WARN_OBJC_IMPLICIT_RETAIN_SELF = YES;
				CLANG_WARN_OBJC_LITERAL_CONVERSION = YES;
				CLANG_WARN_OBJC_ROOT_CLASS = YES_ERROR;
				CLANG_WARN_QUOTED_INCLUDE_IN_FRAMEWORK_HEADER = YES;
				CLANG_WARN_RANGE_LOOP_ANALYSIS = YES;
				CLANG_WARN_STRICT_PROTOTYPES = YES;
				CLANG_WARN_SUSPICIOUS_MOVE = YES;
				CLANG_WARN_UNGUARDED_AVAILABILITY = YES_AGGRESSIVE;
				CLANG_WARN_UNREACHABLE_CODE = YES;
				CLANG_WARN__DUPLICATE_METHOD_MATCH = YES;
				COPY_PHASE_STRIP = NO;
				DEBUG_INFORMATION_FORMAT = "dwarf-with-dsym";
				ENABLE_NS_ASSERTIONS = NO;
				ENABLE_STRICT_OBJC_MSGSEND = YES;
				GCC_C_LANGUAGE_STANDARD = gnu11;
				GCC_NO_COMMON_BLOCKS = YES;
				GCC_WARN_64_TO_32_BIT_CONVERSION = YES;
				GCC_WARN_ABOUT_RETURN_TYPE = YES_ERROR;
				GCC_WARN_UNDECLARED_SELECTOR = YES;
				GCC_WARN_UNINITIALIZED_AUTOS = YES_AGGRESSIVE;
				GCC_WARN_UNUSED_FUNCTION = YES;
				GCC_WARN_UNUSED_VARIABLE = YES;
				MACOSX_DEPLOYMENT_TARGET = 14.0;
				MTL_ENABLE_DEBUG_INFO = NO;
				MTL_FAST_MATH = YES;
				PRODUCT_NAME = "$(TARGET_NAME)";
				SWIFT_COMPILATION_MODE = wholemodule;
				SWIFT_OPTIMIZATION_LEVEL = "-O";
				SWIFT_VERSION = 5.0;
			};
			name = Release;
		};
		FE87422CB6165CCBBEFD560E /* Debug */ = {
			isa = XCBuildConfiguration;
			buildSettings = {
				CODE_SIGN_ENTITLEMENTS = Resources/CodexMeterWidget.entitlements;
				CODE_SIGN_STYLE = Automatic;
				INFOPLIST_FILE = Resources/WidgetInfo.plist;
				MACOSX_DEPLOYMENT_TARGET = 14.0;
				PRODUCT_BUNDLE_IDENTIFIER = com.codexmeter.CodexMeter.WidgetV4;
				SDKROOT = macosx;
				SKIP_INSTALL = YES;
				SWIFT_VERSION = 6.0;
			};
			name = Debug;
		};
/* End XCBuildConfiguration section */

/* Begin XCConfigurationList section */
		6140F0BEE27162F4F2A17AA5 /* Build configuration list for PBXNativeTarget "CodexMeterWidget" */ = {
			isa = XCConfigurationList;
			buildConfigurations = (
				4EAF38CF140CA306F0D90A4C /* Release */,
				FE87422CB6165CCBBEFD560E /* Debug */,
			);
			defaultConfigurationIsVisible = 0;
			defaultConfigurationName = Release;
		};
		A3B3EE2AFF6CA4BF15E5568D /* Build configuration list for PBXProject "CodexMeter" */ = {
			isa = XCConfigurationList;
			buildConfigurations = (
				64FF9068773711206D2C24C6 /* Debug */,
				EE133A1B7CEE31CB94D1E913 /* Release */,
			);
			defaultConfigurationIsVisible = 0;
			defaultConfigurationName = Release;
		};
		E47A9F6D08C8DCF13D07111E /* Build configuration list for PBXNativeTarget "CodexMeter" */ = {
			isa = XCConfigurationList;
			buildConfigurations = (
				E45D7C2ABC5984817E5D0B40 /* Release */,
				4BDC4EEB5793A8D196C4B9A7 /* Debug */,
			);
			defaultConfigurationIsVisible = 0;
			defaultConfigurationName = Release;
		};
/* End XCConfigurationList section */
	};
	rootObject = 08E2356E5A66C5E2A3F1F7C0 /* Project object */;
}
